
Microsoft Visual Studio Solution File, Format Version 12.00
# Visual Studio Version 17
VisualStudioVersion = 17.0.31912.275
MinimumVisualStudioVersion = 10.0.40219.1
Project("{2150E333-8FDC-42A3-9474-1A3956D46DE8}") = "Services", "Services", "{4B945835-7F88-4E39-9F6A-BDE6B067CA37}"
EndProject
Project("{2150E333-8FDC-42A3-9474-1A3956D46DE8}") = "WebApps", "WebApps", "{20A71312-5CCE-4D57-ABF9-689C5AAA95D9}"
EndProject
Project("{2150E333-8FDC-42A3-9474-1A3956D46DE8}") = "Cadastro", "Cadastro", "{D1774C75-DDD2-4102-B12E-33E364A6E21F}"
EndProject
Project("{2150E333-8FDC-42A3-9474-1A3956D46DE8}") = "Catalogo", "Catalogo", "{AA12C65A-BA76-40A3-B601-5BB8C0084518}"
EndProject
Project("{2150E333-8FDC-42A3-9474-1A3956D46DE8}") = "Core", "Core", "{4CE51EA6-C2DD-42EB-9D8B-8E780B120F77}"
EndProject
Project("{2150E333-8FDC-42A3-9474-1A3956D46DE8}") = "Fiscal", "Fiscal", "{3BC1A620-13EB-45EC-87BF-4CF9B26D946F}"
EndProject
Project("{2150E333-8FDC-42A3-9474-1A3956D46DE8}") = "Pagamentos", "Pagamentos", "{AC28DF79-F725-42FD-830E-BA31BE90FC2B}"
EndProject
Project("{2150E333-8FDC-42A3-9474-1A3956D46DE8}") = "Vendas", "Vendas", "{3B72FC0E-E945-4D84-A82B-5EAAD53DB331}"
EndProject
Project("{FAE04EC0-301F-11D3-BF4B-00C04F79EFBC}") = "NerdStore.Catalogo.Domain", "NerdStore.Catalogo.Domain\NerdStore.Catalogo.Domain.csproj", "{FD540C9A-67D2-459B-A422-33A1D9890D71}"
EndProject
Project("{FAE04EC0-301F-11D3-BF4B-00C04F79EFBC}") = "NerdStore.Core", "NerdStore.Core\NerdStore.Core.csproj", "{3557DD78-FF62-4E53-A76F-930312BBCDDA}"
EndProject
Global
	GlobalSection(SolutionConfigurationPlatforms) = preSolution
		Debug|Any CPU = Debug|Any CPU
		Release|Any CPU = Release|Any CPU
	EndGlobalSection
	GlobalSection(ProjectConfigurationPlatforms) = postSolution
		{FD540C9A-67D2-459B-A422-33A1D9890D71}.Debug|Any CPU.ActiveCfg = Debug|Any CPU
		{FD540C9A-67D2-459B-A422-33A1D9890D71}.Debug|Any CPU.Build.0 = Debug|Any CPU
		{FD540C9A-67D2-459B-A422-33A1D9890D71}.Release|Any CPU.ActiveCfg = Release|Any CPU
		{FD540C9A-67D2-459B-A422-33A1D9890D71}.Release|Any CPU.Build.0 = Release|Any CPU
		{3557DD78-FF62-4E53-A76F-930312BBCDDA}.Debug|Any CPU.ActiveCfg = Debug|Any CPU
		{3557DD78-FF62-4E53-A76F-930312BBCDDA}.Debug|Any CPU.Build.0 = Debug|Any CPU
		{3557DD78-FF62-4E53-A76F-930312BBCDDA}.Release|Any CPU.ActiveCfg = Release|Any CPU
		{3557DD78-FF62-4E53-A76F-930312BBCDDA}.Release|Any CPU.Build.0 = Release|Any CPU
	EndGlobalSection
	GlobalSection(SolutionProperties) = preSolution
		HideSolutionNode = FALSE
	EndGlobalSection
	GlobalSection(NestedProjects) = preSolution
		{D1774C75-DDD2-4102-B12E-33E364A6E21F} = {4B945835-7F88-4E39-9F6A-BDE6B067CA37}
		{AA12C65A-BA76-40A3-B601-5BB8C0084518} = {4B945835-7F88-4E39-9F6A-BDE6B067CA37}
		{4CE51EA6-C2DD-42EB-9D8B-8E780B120F77} = {4B945835-7F88-4E39-9F6A-BDE6B067CA37}
		{3BC1A620-13EB-45EC-87BF-4CF9B26D946F} = {4B945835-7F88-4E39-9F6A-BDE6B067CA37}
		{AC28DF79-F725-42FD-830E-BA31BE90FC2B} = {4B945835-7F88-4E39-9F6A-BDE6B067CA37}
		{3B72FC0E-E945-4D84-A82B-5EAAD53DB331} = {4B945835-7F88-4E39-9F6A-BDE6B067CA37}
		{FD540C9A-67D2-459B-A422-33A1D9890D71} = {AA12C65A-BA76-40A3-B601-5BB8C0084518}
		{3557DD78-FF62-4E53-A76F-930312BBCDDA} = {4CE51EA6-C2DD-42EB-9D8B-8E780B120F77}
	EndGlobalSection
	GlobalSection(ExtensibilityGlobals) = postSolution
		SolutionGuid = {3F02166B-A745-4EEB-947F-799B4CDE288F}
	EndGlobalSection
EndGlobal
